// !$*UTF8*$!
{
	archiveVersion = 1;
	classes = {
	};
	objectVersion = 50;
	objects = {

/* Begin PBXBuildFile section */
		EA3FE89920A1FF73002D5C30 /* DetalleViewController.swift in Sources */ = {isa = PBXBuildFile; fileRef = EA3FE89820A1FF73002D5C30 /* DetalleViewController.swift */; };
		EA3FE89B20A206F1002D5C30 /* RecetaDetalleTableViewCell.swift in Sources */ = {isa = PBXBuildFile; fileRef = EA3FE89A20A206F1002D5C30 /* RecetaDetalleTableViewCell.swift */; };
		EA730A9F20A198EA009806EF /* AppDelegate.swift in Sources */ = {isa = PBXBuildFile; fileRef = EA730A9E20A198EA009806EF /* AppDelegate.swift */; };
		EA730AA420A198EA009806EF /* Main.storyboard in Resources */ = {isa = PBXBuildFile; fileRef = EA730AA220A198EA009806EF /* Main.storyboard */; };
		EA730AA620A198EA009806EF /* Assets.xcassets in Resources */ = {isa = PBXBuildFile; fileRef = EA730AA520A198EA009806EF /* Assets.xcassets */; };
		EA730AA920A198EA009806EF /* LaunchScreen.storyboard in Resources */ = {isa = PBXBuildFile; fileRef = EA730AA720A198EA009806EF /* LaunchScreen.storyboard */; };
		EA730AB120A19A31009806EF /* TableViewController.swift in Sources */ = {isa = PBXBuildFile; fileRef = EA730AB020A19A31009806EF /* TableViewController.swift */; };
		EA730AB320A19B86009806EF /* Receta.swift in Sources */ = {isa = PBXBuildFile; fileRef = EA730AB220A19B86009806EF /* Receta.swift */; };
		EA730AB520A1A2F3009806EF /* TableViewCell.swift in Sources */ = {isa = PBXBuildFile; fileRef = EA730AB420A1A2F3009806EF /* TableViewCell.swift */; };
/* End PBXBuildFile section */

/* Begin PBXFileReference section */
		EA3FE89820A1FF73002D5C30 /* DetalleViewController.swift */ = {isa = PBXFileReference; lastKnownFileType = sourcecode.swift; path = DetalleViewController.swift; sourceTree = "<group>"; };
		EA3FE89A20A206F1002D5C30 /* RecetaDetalleTableViewCell.swift */ = {isa = PBXFileReference; lastKnownFileType = sourcecode.swift; path = RecetaDetalleTableViewCell.swift; sourceTree = "<group>"; };
		EA730A9B20A198EA009806EF /* RecetasCocina.app */ = {isa = PBXFileReference; explicitFileType = wrapper.application; includeInIndex = 0; path = RecetasCocina.app; sourceTree = BUILT_PRODUCTS_DIR; };
		EA730A9E20A198EA009806EF /* AppDelegate.swift */ = {isa = PBXFileReference; lastKnownFileType = sourcecode.swift; path = AppDelegate.swift; sourceTree = "<group>"; };
		EA730AA320A198EA009806EF /* Base */ = {isa = PBXFileReference; lastKnownFileType = file.storyboard; name = Base; path = Base.lproj/Main.storyboard; sourceTree = "<group>"; };
		EA730AA520A198EA009806EF /* Assets.xcassets */ = {isa = PBXFileReference; lastKnownFileType = folder.assetcatalog; path = Assets.xcassets; sourceTree = "<group>"; };
		EA730AA820A198EA009806EF /* Base */ = {isa = PBXFileReference; lastKnownFileType = file.storyboard; name = Base; path = Base.lproj/LaunchScreen.storyboard; sourceTree = "<group>"; };
		EA730AAA20A198EB009806EF /* Info.plist */ = {isa = PBXFileReference; lastKnownFileType = text.plist.xml; path = Info.plist; sourceTree = "<group>"; };
		EA730AB020A19A31009806EF /* TableViewController.swift */ = {isa = PBXFileReference; lastKnownFileType = sourcecode.swift; path = TableViewController.swift; sourceTree = "<group>"; };
		EA730AB220A19B86009806EF /* Receta.swift */ = {isa = PBXFileReference; lastKnownFileType = sourcecode.swift; path = Receta.swift; sourceTree = "<group>"; };
		EA730AB420A1A2F3009806EF /* TableViewCell.swift */ = {isa = PBXFileReference; lastKnownFileType = sourcecode.swift; path = TableViewCell.swift; sourceTree = "<group>"; };
/* End PBXFileReference section */

/* Begin PBXFrameworksBuildPhase section */
		EA730A9820A198EA009806EF /* Frameworks */ = {
			isa = PBXFrameworksBuildPhase;
			buildActionMask = 2147483647;
			files = (
			);
			runOnlyForDeploymentPostprocessing = 0;
		};
/* End PBXFrameworksBuildPhase section */

/* Begin PBXGroup section */
		EA730A9220A198EA009806EF = {
			isa = PBXGroup;
			children = (
				EA730A9D20A198EA009806EF /* RecetasCocina */,
				EA730A9C20A198EA009806EF /* Products */,
			);
			sourceTree = "<group>";
		};
		EA730A9C20A198EA009806EF /* Products */ = {
			isa = PBXGroup;
			children = (
				EA730A9B20A198EA009806EF /* RecetasCocina.app */,
			);
			name = Products;
			sourceTree = "<group>";
		};
		EA730A9D20A198EA009806EF /* RecetasCocina */ = {
			isa = PBXGroup;
			children = (
				EA730A9E20A198EA009806EF /* AppDelegate.swift */,
				EA730AB020A19A31009806EF /* TableViewController.swift */,
				EA3FE89820A1FF73002D5C30 /* DetalleViewController.swift */,
				EA730AB420A1A2F3009806EF /* TableViewCell.swift */,
				EA3FE89A20A206F1002D5C30 /* RecetaDetalleTableViewCell.swift */,
				EA730AB220A19B86009806EF /* Receta.swift */,
				EA730AA220A198EA009806EF /* Main.storyboard */,
				EA730AA520A198EA009806EF /* Assets.xcassets */,
				EA730AA720A198EA009806EF /* LaunchScreen.storyboard */,
				EA730AAA20A198EB009806EF /* Info.plist */,
			);
			path = RecetasCocina;
			sourceTree = "<group>";
		};
/* End PBXGroup section */

/* Begin PBXNativeTarget section */
		EA730A9A20A198EA009806EF /* RecetasCocina */ = {
			isa = PBXNativeTarget;
			buildConfigurationList = EA730AAD20A198EB009806EF /* Build configuration list for PBXNativeTarget "RecetasCocina" */;
			buildPhases = (
				EA730A9720A198EA009806EF /* Sources */,
				EA730A9820A198EA009806EF /* Frameworks */,
				EA730A9920A198EA009806EF /* Resources */,
			);
			buildRules = (
			);
			dependencies = (
			);
			name = RecetasCocina;
			productName = RecetasCocina;
			productReference = EA730A9B20A198EA009806EF /* RecetasCocina.app */;
			productType = "com.apple.product-type.application";
		};
/* End PBXNativeTarget section */

/* Begin PBXProject section */
		EA730A9320A198EA009806EF /* Project object */ = {
			isa = PBXProject;
			attributes = {
				LastSwiftUpdateCheck = 0930;
				LastUpgradeCheck = 0930;
				ORGANIZATIONNAME = jesus;
				TargetAttributes = {
					EA730A9A20A198EA009806EF = {
						CreatedOnToolsVersion = 9.3;
					};
				};
			};
			buildConfigurationList = EA730A9620A198EA009806EF /* Build configuration list for PBXProject "RecetasCocina" */;
			compatibilityVersion = "Xcode 9.3";
			developmentRegion = en;
			hasScannedForEncodings = 0;
			knownRegions = (
				en,
				Base,
			);
			mainGroup = EA730A9220A198EA009806EF;
			productRefGroup = EA730A9C20A198EA009806EF /* Products */;
			projectDirPath = "";
			projectRoot = "";
			targets = (
				EA730A9A20A198EA009806EF /* RecetasCocina */,
			);
		};
/* End PBXProject section */

/* Begin PBXResourcesBuildPhase section */
		EA730A9920A198EA009806EF /* Resources */ = {
			isa = PBXResourcesBuildPhase;
			buildActionMask = 2147483647;
			files = (
				EA730AA920A198EA009806EF /* LaunchScreen.storyboard in Resources */,
				EA730AA620A198EA009806EF /* Assets.xcassets in Resources */,
				EA730AA420A198EA009806EF /* Main.storyboard in Resources */,
			);
			runOnlyForDeploymentPostprocessing = 0;
		};
/* End PBXResourcesBuildPhase section */

/* Begin PBXSourcesBuildPhase section */
		EA730A9720A198EA009806EF /* Sources */ = {
			isa = PBXSourcesBuildPhase;
			buildActionMask = 2147483647;
			files = (
				EA730AB320A19B86009806EF /* Receta.swift in Sources */,
				EA3FE89920A1FF73002D5C30 /* DetalleViewController.swift in Sources */,
				EA730AB520A1A2F3009806EF /* TableViewCell.swift in Sources */,
				EA730A9F20A198EA009806EF /* AppDelegate.swift in Sources */,
				EA3FE89B20A206F1002D5C30 /* RecetaDetalleTableViewCell.swift in Sources */,
				EA730AB120A19A31009806EF /* TableViewController.swift in Sources */,
			);
			runOnlyForDeploymentPostprocessing = 0;
		};
/* End PBXSourcesBuildPhase section */

/* Begin PBXVariantGroup section */
		EA730AA220A198EA009806EF /* Main.storyboard */ = {
			isa = PBXVariantGroup;
			children = (
				EA730AA320A198EA009806EF /* Base */,
			);
			name = Main.storyboard;
			sourceTree = "<group>";
		};
		EA730AA720A198EA009806EF /* LaunchScreen.storyboard */ = {
			isa = PBXVariantGroup;
			children = (
				EA730AA820A198EA009806EF /* Base */,
			);
			name = LaunchScreen.storyboard;
			sourceTree = "<group>";
		};
/* End PBXVariantGroup section */

/* Begin XCBuildConfiguration section */
		EA730AAB20A198EB009806EF /* Debug */ = {
			isa = XCBuildConfiguration;
			buildSettings = {
				ALWAYS_SEARCH_USER_PATHS = NO;
				CLANG_ANALYZER_NONNULL = YES;
				CLANG_ANALYZER_NUMBER_OBJECT_CONVERSION = YES_AGGRESSIVE;
				CLANG_CXX_LANGUAGE_STANDARD = "gnu++14";
				CLANG_CXX_LIBRARY = "libc++";
				CLANG_ENABLE_MODULES = YES;
				CLANG_ENABLE_OBJC_ARC = YES;
				CLANG_ENABLE_OBJC_WEAK = YES;
				CLANG_WARN_BLOCK_CAPTURE_AUTORELEASING = YES;
				CLANG_WARN_BOOL_CONVERSION = YES;
				CLANG_WARN_COMMA = YES;
				CLANG_WARN_CONSTANT_CONVERSION = YES;
				CLANG_WARN_DEPRECATED_OBJC_IMPLEMENTATIONS = YES;
				CLANG_WARN_DIRECT_OBJC_ISA_USAGE = YES_ERROR;
				CLANG_WARN_DOCUMENTATION_COMMENTS = YES;
				CLANG_WARN_EMPTY_BODY = YES;
				CLANG_WARN_ENUM_CONVERSION = YES;
				CLANG_WARN_INFINITE_RECURSION = YES;
				CLANG_WARN_INT_CONVERSION = YES;
				CLANG_WARN_NON_LITERAL_NULL_CONVERSION = YES;
				CLANG_WARN_OBJC_IMPLICIT_RETAIN_SELF = YES;
				CLANG_WARN_OBJC_LITERAL_CONVERSION = YES;
				CLANG_WARN_OBJC_ROOT_CLASS = YES_ERROR;
				CLANG_WARN_RANGE_LOOP_ANALYSIS = YES;
				CLANG_WARN_STRICT_PROTOTYPES = YES;
				CLANG_WARN_SUSPICIOUS_MOVE = YES;
				CLANG_WARN_UNGUARDED_AVAILABILITY = YES_AGGRESSIVE;
				CLANG_WARN_UNREACHABLE_CODE = YES;
				CLANG_WARN__DUPLICATE_METHOD_MATCH = YES;
				CODE_SIGN_IDENTITY = "iPhone Developer";
				COPY_PHASE_STRIP = NO;
				DEBUG_INFORMATION_FORMAT = dwarf;
				ENABLE_STRICT_OBJC_MSGSEND = YES;
				ENABLE_TESTABILITY = YES;
				GCC_C_LANGUAGE_STANDARD = gnu11;
				GCC_DYNAMIC_NO_PIC = NO;
				GCC_NO_COMMON_BLOCKS = YES;
				GCC_OPTIMIZATION_LEVEL = 0;
				GCC_PREPROCESSOR_DEFINITIONS = (
					"DEBUG=1",
					"$(inherited)",
				);
				GCC_WARN_64_TO_32_BIT_CONVERSION = YES;
				GCC_WARN_ABOUT_RETURN_TYPE = YES_ERROR;
				GCC_WARN_UNDECLARED_SELECTOR = YES;
				GCC_WARN_UNINITIALIZED_AUTOS = YES_AGGRESSIVE;
				GCC_WARN_UNUSED_FUNCTION = YES;
				GCC_WARN_UNUSED_VARIABLE = YES;
				IPHONEOS_DEPLOYMENT_TARGET = 11.3;
				MTL_ENABLE_DEBUG_INFO = YES;
				ONLY_ACTIVE_ARCH = YES;
				SDKROOT = iphoneos;
				SWIFT_ACTIVE_COMPILATION_CONDITIONS = DEBUG;
				SWIFT_OPTIMIZATION_LEVEL = "-Onone";
			};
			name = Debug;
		};
		EA730AAC20A198EB009806EF /* Release */ = {
			isa = XCBuildConfiguration;
			buildSettings = {
				ALWAYS_SEARCH_USER_PATHS = NO;
				CLANG_ANALYZER_NONNULL = YES;
				CLANG_ANALYZER_NUMBER_OBJECT_CONVERSION = YES_AGGRESSIVE;
				CLANG_CXX_LANGUAGE_STANDARD = "gnu++14";
				CLANG_CXX_LIBRARY = "libc++";
				CLANG_ENABLE_MODULES = YES;
				CLANG_ENABLE_OBJC_ARC = YES;
				CLANG_ENABLE_OBJC_WEAK = YES;
				CLANG_WARN_BLOCK_CAPTURE_AUTORELEASING = YES;
				CLANG_WARN_BOOL_CONVERSION = YES;
				CLANG_WARN_COMMA = YES;
				CLANG_WARN_CONSTANT_CONVERSION = YES;
				CLANG_WARN_DEPRECATED_OBJC_IMPLEMENTATIONS = YES;
				CLANG_WARN_DIRECT_OBJC_ISA_USAGE = YES_ERROR;
				CLANG_WARN_DOCUMENTATION_COMMENTS = YES;
				CLANG_WARN_EMPTY_BODY = YES;
				CLANG_WARN_ENUM_CONVERSION = YES;
				CLANG_WARN_INFINITE_RECURSION = YES;
				CLANG_WARN_INT_CONVERSION = YES;
				CLANG_WARN_NON_LITERAL_NULL_CONVERSION = YES;
				CLANG_WARN_OBJC_IMPLICIT_RETAIN_SELF = YES;
				CLANG_WARN_OBJC_LITERAL_CONVERSION = YES;
				CLANG_WARN_OBJC_ROOT_CLASS = YES_ERROR;
				CLANG_WARN_RANGE_LOOP_ANALYSIS = YES;
				CLANG_WARN_STRICT_PROTOTYPES = YES;
				CLANG_WARN_SUSPICIOUS_MOVE = YES;
				CLANG_WARN_UNGUARDED_AVAILABILITY = YES_AGGRESSIVE;
				CLANG_WARN_UNREACHABLE_CODE = YES;
				CLANG_WARN__DUPLICATE_METHOD_MATCH = YES;
				CODE_SIGN_IDENTITY = "iPhone Developer";
				COPY_PHASE_STRIP = NO;
				DEBUG_INFORMATION_FORMAT = "dwarf-with-dsym";
				ENABLE_NS_ASSERTIONS = NO;
				ENABLE_STRICT_OBJC_MSGSEND = YES;
				GCC_C_LANGUAGE_STANDARD = gnu11;
				GCC_NO_COMMON_BLOCKS = YES;
				GCC_WARN_64_TO_32_BIT_CONVERSION = YES;
				GCC_WARN_ABOUT_RETURN_TYPE = YES_ERROR;
				GCC_WARN_UNDECLARED_SELECTOR = YES;
				GCC_WARN_UNINITIALIZED_AUTOS = YES_AGGRESSIVE;
				GCC_WARN_UNUSED_FUNCTION = YES;
				GCC_WARN_UNUSED_VARIABLE = YES;
				IPHONEOS_DEPLOYMENT_TARGET = 11.3;
				MTL_ENABLE_DEBUG_INFO = NO;
				SDKROOT = iphoneos;
				SWIFT_COMPILATION_MODE = wholemodule;
				SWIFT_OPTIMIZATION_LEVEL = "-O";
				VALIDATE_PRODUCT = YES;
			};
			name = Release;
		};
		EA730AAE20A198EB009806EF /* Debug */ = {
			isa = XCBuildConfiguration;
			buildSettings = {
				ASSETCATALOG_COMPILER_APPICON_NAME = AppIcon;
				CODE_SIGN_STYLE = Automatic;
				DEVELOPMENT_TEAM = WQWRXX9PHB;
				INFOPLIST_FILE = RecetasCocina/Info.plist;
				LD_RUNPATH_SEARCH_PATHS = (
					"$(inherited)",
					"@executable_path/Frameworks",
				);
				PRODUCT_BUNDLE_IDENTIFIER = com.aepi.RecetasCocina;
				PRODUCT_NAME = "$(TARGET_NAME)";
				SWIFT_VERSION = 4.0;
				TARGETED_DEVICE_FAMILY = "1,2";
			};
			name = Debug;
		};
		EA730AAF20A198EB009806EF /* Release */ = {
			isa = XCBuildConfiguration;
			buildSettings = {
				ASSETCATALOG_COMPILER_APPICON_NAME = AppIcon;
				CODE_SIGN_STYLE = Automatic;
				DEVELOPMENT_TEAM = WQWRXX9PHB;
				INFOPLIST_FILE = RecetasCocina/Info.plist;
				LD_RUNPATH_SEARCH_PATHS = (
					"$(inherited)",
					"@executable_path/Frameworks",
				);
				PRODUCT_BUNDLE_IDENTIFIER = com.aepi.RecetasCocina;
				PRODUCT_NAME = "$(TARGET_NAME)";
				SWIFT_VERSION = 4.0;
				TARGETED_DEVICE_FAMILY = "1,2";
			};
			name = Release;
		};
/* End XCBuildConfiguration section */

/* Begin XCConfigurationList section */
		EA730A9620A198EA009806EF /* Build configuration list for PBXProject "RecetasCocina" */ = {
			isa = XCConfigurationList;
			buildConfigurations = (
				EA730AAB20A198EB009806EF /* Debug */,
				EA730AAC20A198EB009806EF /* Release */,
			);
			defaultConfigurationIsVisible = 0;
			defaultConfigurationName = Release;
		};
		EA730AAD20A198EB009806EF /* Build configuration list for PBXNativeTarget "RecetasCocina" */ = {
			isa = XCConfigurationList;
			buildConfigurations = (
				EA730AAE20A198EB009806EF /* Debug */,
				EA730AAF20A198EB009806EF /* Release */,
			);
			defaultConfigurationIsVisible = 0;
			defaultConfigurationName = Release;
		};
/* End XCConfigurationList section */
	};
	rootObject = EA730A9320A198EA009806EF /* Project object */;
}
